// apps/ethos-mobile/src/services/api/sessions.ts

import { createHttpClient } from './httpClient';
import type {
  SessionRecord,
  ClinicalNoteRecord,
  JobRecord,
  PaginatedResponse,
} from './types';
import { unwrapPaginatedResponse } from './types';

const API_BASE_URL = process.env.EXPO_PUBLIC_API_URL!;

// ==============================
// CONTRACT
// ==============================
const contract = {
  '/sessions': ['get', 'post'],
  '/sessions/{id}': ['get'],
  '/sessions/{id}/status': ['patch'],
  '/sessions/{id}/audio': ['post'],
  '/sessions/{id}/transcribe': ['post'],
  '/sessions/{id}/clinical-note': ['post'],
  '/jobs/{id}': ['get'],
} as const;

// ==============================
// CLIENT
// ==============================
const apiClient = createHttpClient({
  name: 'MobileClinicalAPI',
  baseUrl: API_BASE_URL,
  contract,
  offline: {
    enabled: true,
    cacheNamespace: 'ethos_mobile_clinical_cache',
  },
});

// ==============================
// SESSIONS
// ==============================
export const fetchSessions = async () => {
  const res = await apiClient.request<PaginatedResponse<SessionRecord>>(
    '/sessions',
    { method: 'GET' }
  );
  return unwrapPaginatedResponse(res);
};

export const fetchSession = (sessionId: string) =>
  apiClient.request<SessionRecord>(`/sessions/${sessionId}`, {
    method: 'GET',
  });

export const createSession = (payload: {
  patientId: string;
  scheduledAt: string;
  durationMinutes?: number;
}) =>
  apiClient.request<SessionRecord>('/sessions', {
    method: 'POST',
    body: {
      patient_id: payload.patientId,
      scheduled_at: payload.scheduledAt,
      duration_minutes: payload.durationMinutes,
    },
  });

export const updateSessionStatus = (
  sessionId: string,
  status: SessionRecord['status']
) =>
  apiClient.request<SessionRecord>(`/sessions/${sessionId}/status`, {
    method: 'PATCH',
    body: { status },
  });

// ==============================
// AUDIO + TRANSCRIPTION
// ==============================
export const postAudioToSession = async (
  sessionId: string,
  fileUri: string
): Promise<void> => {
  await apiClient.request(`/sessions/${sessionId}/audio`, {
    method: 'POST',
    body: { file_path: fileUri },
  });
};

export const startTranscriptionJob = async (
  sessionId: string,
  rawText?: string
): Promise<{ job_id: string; status: JobRecord['status'] }> => {
  return apiClient.request(`/sessions/${sessionId}/transcribe`, {
    method: 'POST',
    body: rawText ? { raw_text: rawText } : undefined,
  });
};

// ==============================
// JOBS
// ==============================
export const fetchJob = (jobId: string) =>
  apiClient.request<JobRecord>(`/jobs/${jobId}`, {
    method: 'GET',
  });

export const pollJob = async (
  jobId: string,
  maxAttempts = 20,
  delay = 700
): Promise<JobRecord> => {
  for (let i = 0; i < maxAttempts; i++) {
    const job = await fetchJob(jobId);

    if (job.status === 'completed') return job;

    if (job.status === 'failed') {
      throw new Error('Job failed');
    }

    await new Promise((r) => setTimeout(r, delay));
  }

  throw new Error('Job timeout');
};

// ==============================
// CLINICAL NOTE
// ==============================
export const saveClinicalNote = (
  sessionId: string,
  content: string
) =>
  apiClient.request<ClinicalNoteRecord>(
    `/sessions/${sessionId}/clinical-note`,
    {
      method: 'POST',
      body: { content },
    }
  );